
Microsoft Visual Studio Solution File, Format Version 12.00
# Visual Studio Version 17
VisualStudioVersion = 17.2.32616.157
MinimumVisualStudioVersion = 10.0.40219.1
Project("{FAE04EC0-301F-11D3-BF4B-00C04F79EFBC}") = "Ejercicio3.0", "Ejercicio3.0\Ejercicio3.0.csproj", "{CC843E92-DB09-44CA-8055-2BB95AF34A4E}"
EndProject
Global
	GlobalSection(SolutionConfigurationPlatforms) = preSolution
		Debug|Any CPU = Debug|Any CPU
		Release|Any CPU = Release|Any CPU
	EndGlobalSection
	GlobalSection(ProjectConfigurationPlatforms) = postSolution
		{CC843E92-DB09-44CA-8055-2BB95AF34A4E}.Debug|Any CPU.ActiveCfg = Debug|Any CPU
		{CC843E92-DB09-44CA-8055-2BB95AF34A4E}.Debug|Any CPU.Build.0 = Debug|Any CPU
		{CC843E92-DB09-44CA-8055-2BB95AF34A4E}.Release|Any CPU.ActiveCfg = Release|Any CPU
		{CC843E92-DB09-44CA-8055-2BB95AF34A4E}.Release|Any CPU.Build.0 = Release|Any CPU
	EndGlobalSection
	GlobalSection(SolutionProperties) = preSolution
		HideSolutionNode = FALSE
	EndGlobalSection
	GlobalSection(ExtensibilityGlobals) = postSolution
		SolutionGuid = {D3D5BFA8-5BE6-49A3-A215-B6D91F257A4E}
	EndGlobalSection
EndGlobal
